{
  "name": "intro-component-with-signup-form-master",
  "version": "1.0.0",
  "lockfileVersion": 2,
  "requires": true,
  "packages": {
    "": {
      "name": "intro-component-with-signup-form-master",
      "version": "1.0.0",
      "license": "ISC",
      "dependencies": {
        "just-validate": "^3.4.0",
        "normalize.css": "^8.0.1"
      }
    },
    "node_modules/just-validate": {
      "version": "3.4.0",
      "resolved": "https://registry.npmjs.org/just-validate/-/just-validate-3.4.0.tgz",
      "integrity": "sha512-/fv0HLCzFpe+mhnFdErox7g+s9Y/XYBcFvZSAcks0SWRoMuNizR+tA3z8+FM83mQql1g4baMYgT+EzVzFY3QBw==",
      "engines": {
        "node": "16.x",
        "yarn": "1.x"
      }
    },
    "node_modules/normalize.css": {
      "version": "8.0.1",
      "resolved": "https://registry.npmjs.org/normalize.css/-/normalize.css-8.0.1.tgz",
      "integrity": "sha512-qizSNPO93t1YUuUhP22btGOo3chcvDFqFaj2TRybP0DMxkHOCTYwp3n34fel4a31ORXy4m1Xq0Gyqpb5m33qIg=="
    }
  },
  "dependencies": {
    "just-validate": {
      "version": "3.4.0",
      "resolved": "https://registry.npmjs.org/just-validate/-/just-validate-3.4.0.tgz",
      "integrity": "sha512-/fv0HLCzFpe+mhnFdErox7g+s9Y/XYBcFvZSAcks0SWRoMuNizR+tA3z8+FM83mQql1g4baMYgT+EzVzFY3QBw=="
    },
    "normalize.css": {
      "version": "8.0.1",
      "resolved": "https://registry.npmjs.org/normalize.css/-/normalize.css-8.0.1.tgz",
      "integrity": "sha512-qizSNPO93t1YUuUhP22btGOo3chcvDFqFaj2TRybP0DMxkHOCTYwp3n34fel4a31ORXy4m1Xq0Gyqpb5m33qIg=="
    }
  }
}
